// !$*UTF8*$!
{
	archiveVersion = 1;
	classes = {
	};
	objectVersion = 56;
	objects = {

/* Begin PBXBuildFile section */
		00AE48B12C5F9C920039617A /* FactFinderApp.swift in Sources */ = {isa = PBXBuildFile; fileRef = 00AE48B02C5F9C920039617A /* FactFinderApp.swift */; };
		00AE48B32C5F9C920039617A /* ContentView.swift in Sources */ = {isa = PBXBuildFile; fileRef = 00AE48B22C5F9C920039617A /* ContentView.swift */; };
		00AE48B52C5F9C930039617A /* Assets.xcassets in Resources */ = {isa = PBXBuildFile; fileRef = 00AE48B42C5F9C930039617A /* Assets.xcassets */; };
		00AE48B82C5F9C930039617A /* Preview Assets.xcassets in Resources */ = {isa = PBXBuildFile; fileRef = 00AE48B72C5F9C930039617A /* Preview Assets.xcassets */; };
		00AE48BF2C5F9CAC0039617A /* CameraViewModel.swift in Sources */ = {isa = PBXBuildFile; fileRef = 00AE48BE2C5F9CAC0039617A /* CameraViewModel.swift */; };
		00AE48C12C5F9CDF0039617A /* CameraPreview.swift in Sources */ = {isa = PBXBuildFile; fileRef = 00AE48C02C5F9CDF0039617A /* CameraPreview.swift */; };
		00AE48C42C5F9E040039617A /* DocScan.swift in Sources */ = {isa = PBXBuildFile; fileRef = 00AE48C32C5F9E040039617A /* DocScan.swift */; };
		00AE48C62C6231890039617A /* BERT.swift in Sources */ = {isa = PBXBuildFile; fileRef = 00AE48C52C6231890039617A /* BERT.swift */; };
		00AE48CD2C62319B0039617A /* BERTQAFP16.mlmodel in Sources */ = {isa = PBXBuildFile; fileRef = 00AE48C72C62319B0039617A /* BERTQAFP16.mlmodel */; };
		00AE48CE2C62319B0039617A /* BERTVocabulary.swift in Sources */ = {isa = PBXBuildFile; fileRef = 00AE48C82C62319B0039617A /* BERTVocabulary.swift */; };
		00AE48CF2C62319B0039617A /* TokenizedString.swift in Sources */ = {isa = PBXBuildFile; fileRef = 00AE48C92C62319B0039617A /* TokenizedString.swift */; };
		00AE48D02C62319B0039617A /* BERTInput.swift in Sources */ = {isa = PBXBuildFile; fileRef = 00AE48CA2C62319B0039617A /* BERTInput.swift */; };
		00AE48D12C62319B0039617A /* bert-base-uncased-vocab.txt in Resources */ = {isa = PBXBuildFile; fileRef = 00AE48CB2C62319B0039617A /* bert-base-uncased-vocab.txt */; };
		00AE48D22C62319B0039617A /* BERTOutput.swift in Sources */ = {isa = PBXBuildFile; fileRef = 00AE48CC2C62319B0039617A /* BERTOutput.swift */; };
/* End PBXBuildFile section */

/* Begin PBXFileReference section */
		00AE48AD2C5F9C920039617A /* FactFinder.app */ = {isa = PBXFileReference; explicitFileType = wrapper.application; includeInIndex = 0; path = FactFinder.app; sourceTree = BUILT_PRODUCTS_DIR; };
		00AE48B02C5F9C920039617A /* FactFinderApp.swift */ = {isa = PBXFileReference; lastKnownFileType = sourcecode.swift; path = FactFinderApp.swift; sourceTree = "<group>"; };
		00AE48B22C5F9C920039617A /* ContentView.swift */ = {isa = PBXFileReference; lastKnownFileType = sourcecode.swift; path = ContentView.swift; sourceTree = "<group>"; };
		00AE48B42C5F9C930039617A /* Assets.xcassets */ = {isa = PBXFileReference; lastKnownFileType = folder.assetcatalog; path = Assets.xcassets; sourceTree = "<group>"; };
		00AE48B72C5F9C930039617A /* Preview Assets.xcassets */ = {isa = PBXFileReference; lastKnownFileType = folder.assetcatalog; path = "Preview Assets.xcassets"; sourceTree = "<group>"; };
		00AE48BE2C5F9CAC0039617A /* CameraViewModel.swift */ = {isa = PBXFileReference; lastKnownFileType = sourcecode.swift; path = CameraViewModel.swift; sourceTree = "<group>"; };
		00AE48C02C5F9CDF0039617A /* CameraPreview.swift */ = {isa = PBXFileReference; lastKnownFileType = sourcecode.swift; path = CameraPreview.swift; sourceTree = "<group>"; };
		00AE48C22C5F9D5B0039617A /* Info.plist */ = {isa = PBXFileReference; lastKnownFileType = text.plist; path = Info.plist; sourceTree = "<group>"; };
		00AE48C32C5F9E040039617A /* DocScan.swift */ = {isa = PBXFileReference; fileEncoding = 4; lastKnownFileType = sourcecode.swift; path = DocScan.swift; sourceTree = "<group>"; };
		00AE48C52C6231890039617A /* BERT.swift */ = {isa = PBXFileReference; fileEncoding = 4; lastKnownFileType = sourcecode.swift; path = BERT.swift; sourceTree = "<group>"; };
		00AE48C72C62319B0039617A /* BERTQAFP16.mlmodel */ = {isa = PBXFileReference; lastKnownFileType = file.mlmodel; path = BERTQAFP16.mlmodel; sourceTree = "<group>"; };
		00AE48C82C62319B0039617A /* BERTVocabulary.swift */ = {isa = PBXFileReference; fileEncoding = 4; lastKnownFileType = sourcecode.swift; path = BERTVocabulary.swift; sourceTree = "<group>"; };
		00AE48C92C62319B0039617A /* TokenizedString.swift */ = {isa = PBXFileReference; fileEncoding = 4; lastKnownFileType = sourcecode.swift; path = TokenizedString.swift; sourceTree = "<group>"; };
		00AE48CA2C62319B0039617A /* BERTInput.swift */ = {isa = PBXFileReference; fileEncoding = 4; lastKnownFileType = sourcecode.swift; path = BERTInput.swift; sourceTree = "<group>"; };
		00AE48CB2C62319B0039617A /* bert-base-uncased-vocab.txt */ = {isa = PBXFileReference; fileEncoding = 4; lastKnownFileType = text; path = "bert-base-uncased-vocab.txt"; sourceTree = "<group>"; };
		00AE48CC2C62319B0039617A /* BERTOutput.swift */ = {isa = PBXFileReference; fileEncoding = 4; lastKnownFileType = sourcecode.swift; path = BERTOutput.swift; sourceTree = "<group>"; };
/* End PBXFileReference section */

/* Begin PBXFrameworksBuildPhase section */
		00AE48AA2C5F9C920039617A /* Frameworks */ = {
			isa = PBXFrameworksBuildPhase;
			buildActionMask = 2147483647;
			files = (
			);
			runOnlyForDeploymentPostprocessing = 0;
		};
/* End PBXFrameworksBuildPhase section */

/* Begin PBXGroup section */
		00AE48A42C5F9C920039617A = {
			isa = PBXGroup;
			children = (
				00AE48AF2C5F9C920039617A /* FactFinder */,
				00AE48AE2C5F9C920039617A /* Products */,
			);
			sourceTree = "<group>";
		};
		00AE48AE2C5F9C920039617A /* Products */ = {
			isa = PBXGroup;
			children = (
				00AE48AD2C5F9C920039617A /* FactFinder.app */,
			);
			name = Products;
			sourceTree = "<group>";
		};
		00AE48AF2C5F9C920039617A /* FactFinder */ = {
			isa = PBXGroup;
			children = (
				00AE48C22C5F9D5B0039617A /* Info.plist */,
				00AE48C32C5F9E040039617A /* DocScan.swift */,
				00AE48B02C5F9C920039617A /* FactFinderApp.swift */,
				00AE48B22C5F9C920039617A /* ContentView.swift */,
				00AE48BE2C5F9CAC0039617A /* CameraViewModel.swift */,
				00AE48C02C5F9CDF0039617A /* CameraPreview.swift */,
				00AE48C52C6231890039617A /* BERT.swift */,
				00AE48CB2C62319B0039617A /* bert-base-uncased-vocab.txt */,
				00AE48CA2C62319B0039617A /* BERTInput.swift */,
				00AE48CC2C62319B0039617A /* BERTOutput.swift */,
				00AE48C72C62319B0039617A /* BERTQAFP16.mlmodel */,
				00AE48C82C62319B0039617A /* BERTVocabulary.swift */,
				00AE48C92C62319B0039617A /* TokenizedString.swift */,
				00AE48B42C5F9C930039617A /* Assets.xcassets */,
				00AE48B62C5F9C930039617A /* Preview Content */,
			);
			path = FactFinder;
			sourceTree = "<group>";
		};
		00AE48B62C5F9C930039617A /* Preview Content */ = {
			isa = PBXGroup;
			children = (
				00AE48B72C5F9C930039617A /* Preview Assets.xcassets */,
			);
			path = "Preview Content";
			sourceTree = "<group>";
		};
/* End PBXGroup section */

/* Begin PBXNativeTarget section */
		00AE48AC2C5F9C920039617A /* FactFinder */ = {
			isa = PBXNativeTarget;
			buildConfigurationList = 00AE48BB2C5F9C930039617A /* Build configuration list for PBXNativeTarget "FactFinder" */;
			buildPhases = (
				00AE48A92C5F9C920039617A /* Sources */,
				00AE48AA2C5F9C920039617A /* Frameworks */,
				00AE48AB2C5F9C920039617A /* Resources */,
			);
			buildRules = (
			);
			dependencies = (
			);
			name = FactFinder;
			productName = FactFinder;
			productReference = 00AE48AD2C5F9C920039617A /* FactFinder.app */;
			productType = "com.apple.product-type.application";
		};
/* End PBXNativeTarget section */

/* Begin PBXProject section */
		00AE48A52C5F9C920039617A /* Project object */ = {
			isa = PBXProject;
			attributes = {
				BuildIndependentTargetsInParallel = 1;
				LastSwiftUpdateCheck = 1540;
				LastUpgradeCheck = 1540;
				TargetAttributes = {
					00AE48AC2C5F9C920039617A = {
						CreatedOnToolsVersion = 15.4;
					};
				};
			};
			buildConfigurationList = 00AE48A82C5F9C920039617A /* Build configuration list for PBXProject "FactFinder" */;
			compatibilityVersion = "Xcode 14.0";
			developmentRegion = en;
			hasScannedForEncodings = 0;
			knownRegions = (
				en,
				Base,
			);
			mainGroup = 00AE48A42C5F9C920039617A;
			productRefGroup = 00AE48AE2C5F9C920039617A /* Products */;
			projectDirPath = "";
			projectRoot = "";
			targets = (
				00AE48AC2C5F9C920039617A /* FactFinder */,
			);
		};
/* End PBXProject section */

/* Begin PBXResourcesBuildPhase section */
		00AE48AB2C5F9C920039617A /* Resources */ = {
			isa = PBXResourcesBuildPhase;
			buildActionMask = 2147483647;
			files = (
				00AE48B82C5F9C930039617A /* Preview Assets.xcassets in Resources */,
				00AE48B52C5F9C930039617A /* Assets.xcassets in Resources */,
				00AE48D12C62319B0039617A /* bert-base-uncased-vocab.txt in Resources */,
			);
			runOnlyForDeploymentPostprocessing = 0;
		};
/* End PBXResourcesBuildPhase section */

/* Begin PBXSourcesBuildPhase section */
		00AE48A92C5F9C920039617A /* Sources */ = {
			isa = PBXSourcesBuildPhase;
			buildActionMask = 2147483647;
			files = (
				00AE48CD2C62319B0039617A /* BERTQAFP16.mlmodel in Sources */,
				00AE48B32C5F9C920039617A /* ContentView.swift in Sources */,
				00AE48C12C5F9CDF0039617A /* CameraPreview.swift in Sources */,
				00AE48C42C5F9E040039617A /* DocScan.swift in Sources */,
				00AE48CE2C62319B0039617A /* BERTVocabulary.swift in Sources */,
				00AE48B12C5F9C920039617A /* FactFinderApp.swift in Sources */,
				00AE48C62C6231890039617A /* BERT.swift in Sources */,
				00AE48D22C62319B0039617A /* BERTOutput.swift in Sources */,
				00AE48D02C62319B0039617A /* BERTInput.swift in Sources */,
				00AE48CF2C62319B0039617A /* TokenizedString.swift in Sources */,
				00AE48BF2C5F9CAC0039617A /* CameraViewModel.swift in Sources */,
			);
			runOnlyForDeploymentPostprocessing = 0;
		};
/* End PBXSourcesBuildPhase section */

/* Begin XCBuildConfiguration section */
		00AE48B92C5F9C930039617A /* Debug */ = {
			isa = XCBuildConfiguration;
			buildSettings = {
				ALWAYS_SEARCH_USER_PATHS = NO;
				ASSETCATALOG_COMPILER_GENERATE_SWIFT_ASSET_SYMBOL_EXTENSIONS = YES;
				CLANG_ANALYZER_NONNULL = YES;
				CLANG_ANALYZER_NUMBER_OBJECT_CONVERSION = YES_AGGRESSIVE;
				CLANG_CXX_LANGUAGE_STANDARD = "gnu++20";
				CLANG_ENABLE_MODULES = YES;
				CLANG_ENABLE_OBJC_ARC = YES;
				CLANG_ENABLE_OBJC_WEAK = YES;
				CLANG_WARN_BLOCK_CAPTURE_AUTORELEASING = YES;
				CLANG_WARN_BOOL_CONVERSION = YES;
				CLANG_WARN_COMMA = YES;
				CLANG_WARN_CONSTANT_CONVERSION = YES;
				CLANG_WARN_DEPRECATED_OBJC_IMPLEMENTATIONS = YES;
				CLANG_WARN_DIRECT_OBJC_ISA_USAGE = YES_ERROR;
				CLANG_WARN_DOCUMENTATION_COMMENTS = YES;
				CLANG_WARN_EMPTY_BODY = YES;
				CLANG_WARN_ENUM_CONVERSION = YES;
				CLANG_WARN_INFINITE_RECURSION = YES;
				CLANG_WARN_INT_CONVERSION = YES;
				CLANG_WARN_NON_LITERAL_NULL_CONVERSION = YES;
				CLANG_WARN_OBJC_IMPLICIT_RETAIN_SELF = YES;
				CLANG_WARN_OBJC_LITERAL_CONVERSION = YES;
				CLANG_WARN_OBJC_ROOT_CLASS = YES_ERROR;
				CLANG_WARN_QUOTED_INCLUDE_IN_FRAMEWORK_HEADER = YES;
				CLANG_WARN_RANGE_LOOP_ANALYSIS = YES;
				CLANG_WARN_STRICT_PROTOTYPES = YES;
				CLANG_WARN_SUSPICIOUS_MOVE = YES;
				CLANG_WARN_UNGUARDED_AVAILABILITY = YES_AGGRESSIVE;
				CLANG_WARN_UNREACHABLE_CODE = YES;
				CLANG_WARN__DUPLICATE_METHOD_MATCH = YES;
				COPY_PHASE_STRIP = NO;
				DEBUG_INFORMATION_FORMAT = dwarf;
				ENABLE_STRICT_OBJC_MSGSEND = YES;
				ENABLE_TESTABILITY = YES;
				ENABLE_USER_SCRIPT_SANDBOXING = YES;
				GCC_C_LANGUAGE_STANDARD = gnu17;
				GCC_DYNAMIC_NO_PIC = NO;
				GCC_NO_COMMON_BLOCKS = YES;
				GCC_OPTIMIZATION_LEVEL = 0;
				GCC_PREPROCESSOR_DEFINITIONS = (
					"DEBUG=1",
					"$(inherited)",
				);
				GCC_WARN_64_TO_32_BIT_CONVERSION = YES;
				GCC_WARN_ABOUT_RETURN_TYPE = YES_ERROR;
				GCC_WARN_UNDECLARED_SELECTOR = YES;
				GCC_WARN_UNINITIALIZED_AUTOS = YES_AGGRESSIVE;
				GCC_WARN_UNUSED_FUNCTION = YES;
				GCC_WARN_UNUSED_VARIABLE = YES;
				IPHONEOS_DEPLOYMENT_TARGET = 17.5;
				LOCALIZATION_PREFERS_STRING_CATALOGS = YES;
				MTL_ENABLE_DEBUG_INFO = INCLUDE_SOURCE;
				MTL_FAST_MATH = YES;
				ONLY_ACTIVE_ARCH = YES;
				SDKROOT = iphoneos;
				SWIFT_ACTIVE_COMPILATION_CONDITIONS = "DEBUG $(inherited)";
				SWIFT_OPTIMIZATION_LEVEL = "-Onone";
			};
			name = Debug;
		};
		00AE48BA2C5F9C930039617A /* Release */ = {
			isa = XCBuildConfiguration;
			buildSettings = {
				ALWAYS_SEARCH_USER_PATHS = NO;
				ASSETCATALOG_COMPILER_GENERATE_SWIFT_ASSET_SYMBOL_EXTENSIONS = YES;
				CLANG_ANALYZER_NONNULL = YES;
				CLANG_ANALYZER_NUMBER_OBJECT_CONVERSION = YES_AGGRESSIVE;
				CLANG_CXX_LANGUAGE_STANDARD = "gnu++20";
				CLANG_ENABLE_MODULES = YES;
				CLANG_ENABLE_OBJC_ARC = YES;
				CLANG_ENABLE_OBJC_WEAK = YES;
				CLANG_WARN_BLOCK_CAPTURE_AUTORELEASING = YES;
				CLANG_WARN_BOOL_CONVERSION = YES;
				CLANG_WARN_COMMA = YES;
				CLANG_WARN_CONSTANT_CONVERSION = YES;
				CLANG_WARN_DEPRECATED_OBJC_IMPLEMENTATIONS = YES;
				CLANG_WARN_DIRECT_OBJC_ISA_USAGE = YES_ERROR;
				CLANG_WARN_DOCUMENTATION_COMMENTS = YES;
				CLANG_WARN_EMPTY_BODY = YES;
				CLANG_WARN_ENUM_CONVERSION = YES;
				CLANG_WARN_INFINITE_RECURSION = YES;
				CLANG_WARN_INT_CONVERSION = YES;
				CLANG_WARN_NON_LITERAL_NULL_CONVERSION = YES;
				CLANG_WARN_OBJC_IMPLICIT_RETAIN_SELF = YES;
				CLANG_WARN_OBJC_LITERAL_CONVERSION = YES;
				CLANG_WARN_OBJC_ROOT_CLASS = YES_ERROR;
				CLANG_WARN_QUOTED_INCLUDE_IN_FRAMEWORK_HEADER = YES;
				CLANG_WARN_RANGE_LOOP_ANALYSIS = YES;
				CLANG_WARN_STRICT_PROTOTYPES = YES;
				CLANG_WARN_SUSPICIOUS_MOVE = YES;
				CLANG_WARN_UNGUARDED_AVAILABILITY = YES_AGGRESSIVE;
				CLANG_WARN_UNREACHABLE_CODE = YES;
				CLANG_WARN__DUPLICATE_METHOD_MATCH = YES;
				COPY_PHASE_STRIP = NO;
				DEBUG_INFORMATION_FORMAT = "dwarf-with-dsym";
				ENABLE_NS_ASSERTIONS = NO;
				ENABLE_STRICT_OBJC_MSGSEND = YES;
				ENABLE_USER_SCRIPT_SANDBOXING = YES;
				GCC_C_LANGUAGE_STANDARD = gnu17;
				GCC_NO_COMMON_BLOCKS = YES;
				GCC_WARN_64_TO_32_BIT_CONVERSION = YES;
				GCC_WARN_ABOUT_RETURN_TYPE = YES_ERROR;
				GCC_WARN_UNDECLARED_SELECTOR = YES;
				GCC_WARN_UNINITIALIZED_AUTOS = YES_AGGRESSIVE;
				GCC_WARN_UNUSED_FUNCTION = YES;
				GCC_WARN_UNUSED_VARIABLE = YES;
				IPHONEOS_DEPLOYMENT_TARGET = 17.5;
				LOCALIZATION_PREFERS_STRING_CATALOGS = YES;
				MTL_ENABLE_DEBUG_INFO = NO;
				MTL_FAST_MATH = YES;
				SDKROOT = iphoneos;
				SWIFT_COMPILATION_MODE = wholemodule;
				VALIDATE_PRODUCT = YES;
			};
			name = Release;
		};
		00AE48BC2C5F9C930039617A /* Debug */ = {
			isa = XCBuildConfiguration;
			buildSettings = {
				ASSETCATALOG_COMPILER_APPICON_NAME = AppIcon;
				ASSETCATALOG_COMPILER_GLOBAL_ACCENT_COLOR_NAME = AccentColor;
				CODE_SIGN_STYLE = Automatic;
				CURRENT_PROJECT_VERSION = 1;
				DEVELOPMENT_ASSET_PATHS = "\"FactFinder/Preview Content\"";
				DEVELOPMENT_TEAM = U6U6AZBN7S;
				ENABLE_PREVIEWS = YES;
				GENERATE_INFOPLIST_FILE = YES;
				INFOPLIST_FILE = FactFinder/Info.plist;
				INFOPLIST_KEY_NSCameraUsageDescription = "This app will use the camera";
				INFOPLIST_KEY_UIApplicationSceneManifest_Generation = YES;
				INFOPLIST_KEY_UIApplicationSupportsIndirectInputEvents = YES;
				INFOPLIST_KEY_UILaunchScreen_Generation = YES;
				INFOPLIST_KEY_UISupportedInterfaceOrientations_iPad = "UIInterfaceOrientationPortrait UIInterfaceOrientationPortraitUpsideDown UIInterfaceOrientationLandscapeLeft UIInterfaceOrientationLandscapeRight";
				INFOPLIST_KEY_UISupportedInterfaceOrientations_iPhone = "UIInterfaceOrientationPortrait UIInterfaceOrientationLandscapeLeft UIInterfaceOrientationLandscapeRight";
				LD_RUNPATH_SEARCH_PATHS = (
					"$(inherited)",
					"@executable_path/Frameworks",
				);
				MARKETING_VERSION = 1.0;
				PRODUCT_BUNDLE_IDENTIFIER = name.rafiqrosman.FactFinder;
				PRODUCT_NAME = "$(TARGET_NAME)";
				SWIFT_EMIT_LOC_STRINGS = YES;
				SWIFT_VERSION = 5.0;
				TARGETED_DEVICE_FAMILY = "1,2";
			};
			name = Debug;
		};
		00AE48BD2C5F9C930039617A /* Release */ = {
			isa = XCBuildConfiguration;
			buildSettings = {
				ASSETCATALOG_COMPILER_APPICON_NAME = AppIcon;
				ASSETCATALOG_COMPILER_GLOBAL_ACCENT_COLOR_NAME = AccentColor;
				CODE_SIGN_STYLE = Automatic;
				CURRENT_PROJECT_VERSION = 1;
				DEVELOPMENT_ASSET_PATHS = "\"FactFinder/Preview Content\"";
				DEVELOPMENT_TEAM = U6U6AZBN7S;
				ENABLE_PREVIEWS = YES;
				GENERATE_INFOPLIST_FILE = YES;
				INFOPLIST_FILE = FactFinder/Info.plist;
				INFOPLIST_KEY_NSCameraUsageDescription = "This app will use the camera";
				INFOPLIST_KEY_UIApplicationSceneManifest_Generation = YES;
				INFOPLIST_KEY_UIApplicationSupportsIndirectInputEvents = YES;
				INFOPLIST_KEY_UILaunchScreen_Generation = YES;
				INFOPLIST_KEY_UISupportedInterfaceOrientations_iPad = "UIInterfaceOrientationPortrait UIInterfaceOrientationPortraitUpsideDown UIInterfaceOrientationLandscapeLeft UIInterfaceOrientationLandscapeRight";
				INFOPLIST_KEY_UISupportedInterfaceOrientations_iPhone = "UIInterfaceOrientationPortrait UIInterfaceOrientationLandscapeLeft UIInterfaceOrientationLandscapeRight";
				LD_RUNPATH_SEARCH_PATHS = (
					"$(inherited)",
					"@executable_path/Frameworks",
				);
				MARKETING_VERSION = 1.0;
				PRODUCT_BUNDLE_IDENTIFIER = name.rafiqrosman.FactFinder;
				PRODUCT_NAME = "$(TARGET_NAME)";
				SWIFT_EMIT_LOC_STRINGS = YES;
				SWIFT_VERSION = 5.0;
				TARGETED_DEVICE_FAMILY = "1,2";
			};
			name = Release;
		};
/* End XCBuildConfiguration section */

/* Begin XCConfigurationList section */
		00AE48A82C5F9C920039617A /* Build configuration list for PBXProject "FactFinder" */ = {
			isa = XCConfigurationList;
			buildConfigurations = (
				00AE48B92C5F9C930039617A /* Debug */,
				00AE48BA2C5F9C930039617A /* Release */,
			);
			defaultConfigurationIsVisible = 0;
			defaultConfigurationName = Release;
		};
		00AE48BB2C5F9C930039617A /* Build configuration list for PBXNativeTarget "FactFinder" */ = {
			isa = XCConfigurationList;
			buildConfigurations = (
				00AE48BC2C5F9C930039617A /* Debug */,
				00AE48BD2C5F9C930039617A /* Release */,
			);
			defaultConfigurationIsVisible = 0;
			defaultConfigurationName = Release;
		};
/* End XCConfigurationList section */
	};
	rootObject = 00AE48A52C5F9C920039617A /* Project object */;
}
